
Microsoft Visual Studio Solution File, Format Version 12.00
# Visual Studio Version 17
VisualStudioVersion = 17.8.34322.80
MinimumVisualStudioVersion = 10.0.40219.1
Project("{FAE04EC0-301F-11D3-BF4B-00C04F79EFBC}") = "GeneticAlgorithm", "GeneticAlgorithm\GeneticAlgorithm.csproj", "{94C963EF-96AC-4228-836A-160FAD3B77B9}"
EndProject
Global
	GlobalSection(SolutionConfigurationPlatforms) = preSolution
		Debug|Any CPU = Debug|Any CPU
		Release|Any CPU = Release|Any CPU
	EndGlobalSection
	GlobalSection(ProjectConfigurationPlatforms) = postSolution
		{94C963EF-96AC-4228-836A-160FAD3B77B9}.Debug|Any CPU.ActiveCfg = Debug|Any CPU
		{94C963EF-96AC-4228-836A-160FAD3B77B9}.Debug|Any CPU.Build.0 = Debug|Any CPU
		{94C963EF-96AC-4228-836A-160FAD3B77B9}.Release|Any CPU.ActiveCfg = Release|Any CPU
		{94C963EF-96AC-4228-836A-160FAD3B77B9}.Release|Any CPU.Build.0 = Release|Any CPU
	EndGlobalSection
	GlobalSection(SolutionProperties) = preSolution
		HideSolutionNode = FALSE
	EndGlobalSection
	GlobalSection(ExtensibilityGlobals) = postSolution
		SolutionGuid = {E25285A4-AEBD-4094-B910-EBD19E05E05B}
	EndGlobalSection
EndGlobal
